// !$*UTF8*$!
{
	archiveVersion = 1;
	classes = {
	};
	objectVersion = 46;
	objects = {

/* Begin PBXBuildFile section */
		97C013201B96ECAC000B8CC3 /* main.m in Sources */ = {isa = PBXBuildFile; fileRef = 97C0131F1B96ECAC000B8CC3 /* main.m */; };
		97C013231B96ECAC000B8CC3 /* AppDelegate.m in Sources */ = {isa = PBXBuildFile; fileRef = 97C013221B96ECAC000B8CC3 /* AppDelegate.m */; };
		97C013261B96ECAC000B8CC3 /* ViewController.m in Sources */ = {isa = PBXBuildFile; fileRef = 97C013251B96ECAC000B8CC3 /* ViewController.m */; };
		97C013291B96ECAC000B8CC3 /* Main.storyboard in Resources */ = {isa = PBXBuildFile; fileRef = 97C013271B96ECAC000B8CC3 /* Main.storyboard */; };
		97C0132B1B96ECAC000B8CC3 /* Images.xcassets in Resources */ = {isa = PBXBuildFile; fileRef = 97C0132A1B96ECAC000B8CC3 /* Images.xcassets */; };
		97C0132E1B96ECAC000B8CC3 /* LaunchScreen.xib in Resources */ = {isa = PBXBuildFile; fileRef = 97C0132C1B96ECAC000B8CC3 /* LaunchScreen.xib */; };
		97C0133A1B96ECAC000B8CC3 /* DouBanTests.m in Sources */ = {isa = PBXBuildFile; fileRef = 97C013391B96ECAC000B8CC3 /* DouBanTests.m */; };
/* End PBXBuildFile section */

/* Begin PBXContainerItemProxy section */
		97C013341B96ECAC000B8CC3 /* PBXContainerItemProxy */ = {
			isa = PBXContainerItemProxy;
			containerPortal = 97C013121B96ECAC000B8CC3 /* Project object */;
			proxyType = 1;
			remoteGlobalIDString = 97C013191B96ECAC000B8CC3;
			remoteInfo = DouBan;
		};
/* End PBXContainerItemProxy section */

/* Begin PBXFileReference section */
		97C0131A1B96ECAC000B8CC3 /* DouBan.app */ = {isa = PBXFileReference; explicitFileType = wrapper.application; includeInIndex = 0; path = DouBan.app; sourceTree = BUILT_PRODUCTS_DIR; };
		97C0131E1B96ECAC000B8CC3 /* Info.plist */ = {isa = PBXFileReference; lastKnownFileType = text.plist.xml; path = Info.plist; sourceTree = "<group>"; };
		97C0131F1B96ECAC000B8CC3 /* main.m */ = {isa = PBXFileReference; lastKnownFileType = sourcecode.c.objc; path = main.m; sourceTree = "<group>"; };
		97C013211B96ECAC000B8CC3 /* AppDelegate.h */ = {isa = PBXFileReference; lastKnownFileType = sourcecode.c.h; path = AppDelegate.h; sourceTree = "<group>"; };
		97C013221B96ECAC000B8CC3 /* AppDelegate.m */ = {isa = PBXFileReference; lastKnownFileType = sourcecode.c.objc; path = AppDelegate.m; sourceTree = "<group>"; };
		97C013241B96ECAC000B8CC3 /* ViewController.h */ = {isa = PBXFileReference; lastKnownFileType = sourcecode.c.h; path = ViewController.h; sourceTree = "<group>"; };
		97C013251B96ECAC000B8CC3 /* ViewController.m */ = {isa = PBXFileReference; lastKnownFileType = sourcecode.c.objc; path = ViewController.m; sourceTree = "<group>"; };
		97C013281B96ECAC000B8CC3 /* Base */ = {isa = PBXFileReference; lastKnownFileType = file.storyboard; name = Base; path = Base.lproj/Main.storyboard; sourceTree = "<group>"; };
		97C0132A1B96ECAC000B8CC3 /* Images.xcassets */ = {isa = PBXFileReference; lastKnownFileType = folder.assetcatalog; path = Images.xcassets; sourceTree = "<group>"; };
		97C0132D1B96ECAC000B8CC3 /* Base */ = {isa = PBXFileReference; lastKnownFileType = file.xib; name = Base; path = Base.lproj/LaunchScreen.xib; sourceTree = "<group>"; };
		97C013331B96ECAC000B8CC3 /* DouBanTests.xctest */ = {isa = PBXFileReference; explicitFileType = wrapper.cfbundle; includeInIndex = 0; path = DouBanTests.xctest; sourceTree = BUILT_PRODUCTS_DIR; };
		97C013381B96ECAC000B8CC3 /* Info.plist */ = {isa = PBXFileReference; lastKnownFileType = text.plist.xml; path = Info.plist; sourceTree = "<group>"; };
		97C013391B96ECAC000B8CC3 /* DouBanTests.m */ = {isa = PBXFileReference; lastKnownFileType = sourcecode.c.objc; path = DouBanTests.m; sourceTree = "<group>"; };
/* End PBXFileReference section */

/* Begin PBXFrameworksBuildPhase section */
		97C013171B96ECAC000B8CC3 /* Frameworks */ = {
			isa = PBXFrameworksBuildPhase;
			buildActionMask = 2147483647;
			files = (
			);
			runOnlyForDeploymentPostprocessing = 0;
		};
		97C013301B96ECAC000B8CC3 /* Frameworks */ = {
			isa = PBXFrameworksBuildPhase;
			buildActionMask = 2147483647;
			files = (
			);
			runOnlyForDeploymentPostprocessing = 0;
		};
/* End PBXFrameworksBuildPhase section */

/* Begin PBXGroup section */
		97C013111B96ECAC000B8CC3 = {
			isa = PBXGroup;
			children = (
				97C0131C1B96ECAC000B8CC3 /* DouBan */,
				97C013361B96ECAC000B8CC3 /* DouBanTests */,
				97C0131B1B96ECAC000B8CC3 /* Products */,
			);
			sourceTree = "<group>";
		};
		97C0131B1B96ECAC000B8CC3 /* Products */ = {
			isa = PBXGroup;
			children = (
				97C0131A1B96ECAC000B8CC3 /* DouBan.app */,
				97C013331B96ECAC000B8CC3 /* DouBanTests.xctest */,
			);
			name = Products;
			sourceTree = "<group>";
		};
		97C0131C1B96ECAC000B8CC3 /* DouBan */ = {
			isa = PBXGroup;
			children = (
				97C013211B96ECAC000B8CC3 /* AppDelegate.h */,
				97C013221B96ECAC000B8CC3 /* AppDelegate.m */,
				97C013241B96ECAC000B8CC3 /* ViewController.h */,
				97C013251B96ECAC000B8CC3 /* ViewController.m */,
				97C013271B96ECAC000B8CC3 /* Main.storyboard */,
				97C0132A1B96ECAC000B8CC3 /* Images.xcassets */,
				97C0132C1B96ECAC000B8CC3 /* LaunchScreen.xib */,
				97C0131D1B96ECAC000B8CC3 /* Supporting Files */,
			);
			path = DouBan;
			sourceTree = "<group>";
		};
		97C0131D1B96ECAC000B8CC3 /* Supporting Files */ = {
			isa = PBXGroup;
			children = (
				97C0131E1B96ECAC000B8CC3 /* Info.plist */,
				97C0131F1B96ECAC000B8CC3 /* main.m */,
			);
			name = "Supporting Files";
			sourceTree = "<group>";
		};
		97C013361B96ECAC000B8CC3 /* DouBanTests */ = {
			isa = PBXGroup;
			children = (
				97C013391B96ECAC000B8CC3 /* DouBanTests.m */,
				97C013371B96ECAC000B8CC3 /* Supporting Files */,
			);
			path = DouBanTests;
			sourceTree = "<group>";
		};
		97C013371B96ECAC000B8CC3 /* Supporting Files */ = {
			isa = PBXGroup;
			children = (
				97C013381B96ECAC000B8CC3 /* Info.plist */,
			);
			name = "Supporting Files";
			sourceTree = "<group>";
		};
/* End PBXGroup section */

/* Begin PBXNativeTarget section */
		97C013191B96ECAC000B8CC3 /* DouBan */ = {
			isa = PBXNativeTarget;
			buildConfigurationList = 97C0133D1B96ECAC000B8CC3 /* Build configuration list for PBXNativeTarget "DouBan" */;
			buildPhases = (
				97C013161B96ECAC000B8CC3 /* Sources */,
				97C013171B96ECAC000B8CC3 /* Frameworks */,
				97C013181B96ECAC000B8CC3 /* Resources */,
			);
			buildRules = (
			);
			dependencies = (
			);
			name = DouBan;
			productName = DouBan;
			productReference = 97C0131A1B96ECAC000B8CC3 /* DouBan.app */;
			productType = "com.apple.product-type.application";
		};
		97C013321B96ECAC000B8CC3 /* DouBanTests */ = {
			isa = PBXNativeTarget;
			buildConfigurationList = 97C013401B96ECAC000B8CC3 /* Build configuration list for PBXNativeTarget "DouBanTests" */;
			buildPhases = (
				97C0132F1B96ECAC000B8CC3 /* Sources */,
				97C013301B96ECAC000B8CC3 /* Frameworks */,
				97C013311B96ECAC000B8CC3 /* Resources */,
			);
			buildRules = (
			);
			dependencies = (
				97C013351B96ECAC000B8CC3 /* PBXTargetDependency */,
			);
			name = DouBanTests;
			productName = DouBanTests;
			productReference = 97C013331B96ECAC000B8CC3 /* DouBanTests.xctest */;
			productType = "com.apple.product-type.bundle.unit-test";
		};
/* End PBXNativeTarget section */

/* Begin PBXProject section */
		97C013121B96ECAC000B8CC3 /* Project object */ = {
			isa = PBXProject;
			attributes = {
				LastUpgradeCheck = 0640;
				ORGANIZATIONNAME = "王蒙";
				TargetAttributes = {
					97C013191B96ECAC000B8CC3 = {
						CreatedOnToolsVersion = 6.4;
					};
					97C013321B96ECAC000B8CC3 = {
						CreatedOnToolsVersion = 6.4;
						TestTargetID = 97C013191B96ECAC000B8CC3;
					};
				};
			};
			buildConfigurationList = 97C013151B96ECAC000B8CC3 /* Build configuration list for PBXProject "DouBan" */;
			compatibilityVersion = "Xcode 3.2";
			developmentRegion = English;
			hasScannedForEncodings = 0;
			knownRegions = (
				en,
				Base,
			);
			mainGroup = 97C013111B96ECAC000B8CC3;
			productRefGroup = 97C0131B1B96ECAC000B8CC3 /* Products */;
			projectDirPath = "";
			projectRoot = "";
			targets = (
				97C013191B96ECAC000B8CC3 /* DouBan */,
				97C013321B96ECAC000B8CC3 /* DouBanTests */,
			);
		};
/* End PBXProject section */

/* Begin PBXResourcesBuildPhase section */
		97C013181B96ECAC000B8CC3 /* Resources */ = {
			isa = PBXResourcesBuildPhase;
			buildActionMask = 2147483647;
			files = (
				97C013291B96ECAC000B8CC3 /* Main.storyboard in Resources */,
				97C0132E1B96ECAC000B8CC3 /* LaunchScreen.xib in Resources */,
				97C0132B1B96ECAC000B8CC3 /* Images.xcassets in Resources */,
			);
			runOnlyForDeploymentPostprocessing = 0;
		};
		97C013311B96ECAC000B8CC3 /* Resources */ = {
			isa = PBXResourcesBuildPhase;
			buildActionMask = 2147483647;
			files = (
			);
			runOnlyForDeploymentPostprocessing = 0;
		};
/* End PBXResourcesBuildPhase section */

/* Begin PBXSourcesBuildPhase section */
		97C013161B96ECAC000B8CC3 /* Sources */ = {
			isa = PBXSourcesBuildPhase;
			buildActionMask = 2147483647;
			files = (
				97C013261B96ECAC000B8CC3 /* ViewController.m in Sources */,
				97C013231B96ECAC000B8CC3 /* AppDelegate.m in Sources */,
				97C013201B96ECAC000B8CC3 /* main.m in Sources */,
			);
			runOnlyForDeploymentPostprocessing = 0;
		};
		97C0132F1B96ECAC000B8CC3 /* Sources */ = {
			isa = PBXSourcesBuildPhase;
			buildActionMask = 2147483647;
			files = (
				97C0133A1B96ECAC000B8CC3 /* DouBanTests.m in Sources */,
			);
			runOnlyForDeploymentPostprocessing = 0;
		};
/* End PBXSourcesBuildPhase section */

/* Begin PBXTargetDependency section */
		97C013351B96ECAC000B8CC3 /* PBXTargetDependency */ = {
			isa = PBXTargetDependency;
			target = 97C013191B96ECAC000B8CC3 /* DouBan */;
			targetProxy = 97C013341B96ECAC000B8CC3 /* PBXContainerItemProxy */;
		};
/* End PBXTargetDependency section */

/* Begin PBXVariantGroup section */
		97C013271B96ECAC000B8CC3 /* Main.storyboard */ = {
			isa = PBXVariantGroup;
			children = (
				97C013281B96ECAC000B8CC3 /* Base */,
			);
			name = Main.storyboard;
			sourceTree = "<group>";
		};
		97C0132C1B96ECAC000B8CC3 /* LaunchScreen.xib */ = {
			isa = PBXVariantGroup;
			children = (
				97C0132D1B96ECAC000B8CC3 /* Base */,
			);
			name = LaunchScreen.xib;
			sourceTree = "<group>";
		};
/* End PBXVariantGroup section */

/* Begin XCBuildConfiguration section */
		97C0133B1B96ECAC000B8CC3 /* Debug */ = {
			isa = XCBuildConfiguration;
			buildSettings = {
				ALWAYS_SEARCH_USER_PATHS = NO;
				CLANG_CXX_LANGUAGE_STANDARD = "gnu++0x";
				CLANG_CXX_LIBRARY = "libc++";
				CLANG_ENABLE_MODULES = YES;
				CLANG_ENABLE_OBJC_ARC = YES;
				CLANG_WARN_BOOL_CONVERSION = YES;
				CLANG_WARN_CONSTANT_CONVERSION = YES;
				CLANG_WARN_DIRECT_OBJC_ISA_USAGE = YES_ERROR;
				CLANG_WARN_EMPTY_BODY = YES;
				CLANG_WARN_ENUM_CONVERSION = YES;
				CLANG_WARN_INT_CONVERSION = YES;
				CLANG_WARN_OBJC_ROOT_CLASS = YES_ERROR;
				CLANG_WARN_UNREACHABLE_CODE = YES;
				CLANG_WARN__DUPLICATE_METHOD_MATCH = YES;
				"CODE_SIGN_IDENTITY[sdk=iphoneos*]" = "iPhone Developer";
				COPY_PHASE_STRIP = NO;
				DEBUG_INFORMATION_FORMAT = "dwarf-with-dsym";
				ENABLE_STRICT_OBJC_MSGSEND = YES;
				GCC_C_LANGUAGE_STANDARD = gnu99;
				GCC_DYNAMIC_NO_PIC = NO;
				GCC_NO_COMMON_BLOCKS = YES;
				GCC_OPTIMIZATION_LEVEL = 0;
				GCC_PREPROCESSOR_DEFINITIONS = (
					"DEBUG=1",
					"$(inherited)",
				);
				GCC_SYMBOLS_PRIVATE_EXTERN = NO;
				GCC_WARN_64_TO_32_BIT_CONVERSION = YES;
				GCC_WARN_ABOUT_RETURN_TYPE = YES_ERROR;
				GCC_WARN_UNDECLARED_SELECTOR = YES;
				GCC_WARN_UNINITIALIZED_AUTOS = YES_AGGRESSIVE;
				GCC_WARN_UNUSED_FUNCTION = YES;
				GCC_WARN_UNUSED_VARIABLE = YES;
				IPHONEOS_DEPLOYMENT_TARGET = 8.4;
				MTL_ENABLE_DEBUG_INFO = YES;
				ONLY_ACTIVE_ARCH = YES;
				SDKROOT = iphoneos;
			};
			name = Debug;
		};
		97C0133C1B96ECAC000B8CC3 /* Release */ = {
			isa = XCBuildConfiguration;
			buildSettings = {
				ALWAYS_SEARCH_USER_PATHS = NO;
				CLANG_CXX_LANGUAGE_STANDARD = "gnu++0x";
				CLANG_CXX_LIBRARY = "libc++";
				CLANG_ENABLE_MODULES = YES;
				CLANG_ENABLE_OBJC_ARC = YES;
				CLANG_WARN_BOOL_CONVERSION = YES;
				CLANG_WARN_CONSTANT_CONVERSION = YES;
				CLANG_WARN_DIRECT_OBJC_ISA_USAGE = YES_ERROR;
				CLANG_WARN_EMPTY_BODY = YES;
				CLANG_WARN_ENUM_CONVERSION = YES;
				CLANG_WARN_INT_CONVERSION = YES;
				CLANG_WARN_OBJC_ROOT_CLASS = YES_ERROR;
				CLANG_WARN_UNREACHABLE_CODE = YES;
				CLANG_WARN__DUPLICATE_METHOD_MATCH = YES;
				"CODE_SIGN_IDENTITY[sdk=iphoneos*]" = "iPhone Developer";
				COPY_PHASE_STRIP = NO;
				DEBUG_INFORMATION_FORMAT = "dwarf-with-dsym";
				ENABLE_NS_ASSERTIONS = NO;
				ENABLE_STRICT_OBJC_MSGSEND = YES;
				GCC_C_LANGUAGE_STANDARD = gnu99;
				GCC_NO_COMMON_BLOCKS = YES;
				GCC_WARN_64_TO_32_BIT_CONVERSION = YES;
				GCC_WARN_ABOUT_RETURN_TYPE = YES_ERROR;
				GCC_WARN_UNDECLARED_SELECTOR = YES;
				GCC_WARN_UNINITIALIZED_AUTOS = YES_AGGRESSIVE;
				GCC_WARN_UNUSED_FUNCTION = YES;
				GCC_WARN_UNUSED_VARIABLE = YES;
				IPHONEOS_DEPLOYMENT_TARGET = 8.4;
				MTL_ENABLE_DEBUG_INFO = NO;
				SDKROOT = iphoneos;
				VALIDATE_PRODUCT = YES;
			};
			name = Release;
		};
		97C0133E1B96ECAC000B8CC3 /* Debug */ = {
			isa = XCBuildConfiguration;
			buildSettings = {
				ASSETCATALOG_COMPILER_APPICON_NAME = AppIcon;
				INFOPLIST_FILE = DouBan/Info.plist;
				LD_RUNPATH_SEARCH_PATHS = "$(inherited) @executable_path/Frameworks";
				PRODUCT_NAME = "$(TARGET_NAME)";
			};
			name = Debug;
		};
		97C0133F1B96ECAC000B8CC3 /* Release */ = {
			isa = XCBuildConfiguration;
			buildSettings = {
				ASSETCATALOG_COMPILER_APPICON_NAME = AppIcon;
				INFOPLIST_FILE = DouBan/Info.plist;
				LD_RUNPATH_SEARCH_PATHS = "$(inherited) @executable_path/Frameworks";
				PRODUCT_NAME = "$(TARGET_NAME)";
			};
			name = Release;
		};
		97C013411B96ECAC000B8CC3 /* Debug */ = {
			isa = XCBuildConfiguration;
			buildSettings = {
				BUNDLE_LOADER = "$(TEST_HOST)";
				FRAMEWORK_SEARCH_PATHS = (
					"$(SDKROOT)/Developer/Library/Frameworks",
					"$(inherited)",
				);
				GCC_PREPROCESSOR_DEFINITIONS = (
					"DEBUG=1",
					"$(inherited)",
				);
				INFOPLIST_FILE = DouBanTests/Info.plist;
				LD_RUNPATH_SEARCH_PATHS = "$(inherited) @executable_path/Frameworks @loader_path/Frameworks";
				PRODUCT_NAME = "$(TARGET_NAME)";
				TEST_HOST = "$(BUILT_PRODUCTS_DIR)/DouBan.app/DouBan";
			};
			name = Debug;
		};
		97C013421B96ECAC000B8CC3 /* Release */ = {
			isa = XCBuildConfiguration;
			buildSettings = {
				BUNDLE_LOADER = "$(TEST_HOST)";
				FRAMEWORK_SEARCH_PATHS = (
					"$(SDKROOT)/Developer/Library/Frameworks",
					"$(inherited)",
				);
				INFOPLIST_FILE = DouBanTests/Info.plist;
				LD_RUNPATH_SEARCH_PATHS = "$(inherited) @executable_path/Frameworks @loader_path/Frameworks";
				PRODUCT_NAME = "$(TARGET_NAME)";
				TEST_HOST = "$(BUILT_PRODUCTS_DIR)/DouBan.app/DouBan";
			};
			name = Release;
		};
/* End XCBuildConfiguration section */

/* Begin XCConfigurationList section */
		97C013151B96ECAC000B8CC3 /* Build configuration list for PBXProject "DouBan" */ = {
			isa = XCConfigurationList;
			buildConfigurations = (
				97C0133B1B96ECAC000B8CC3 /* Debug */,
				97C0133C1B96ECAC000B8CC3 /* Release */,
			);
			defaultConfigurationIsVisible = 0;
			defaultConfigurationName = Release;
		};
		97C0133D1B96ECAC000B8CC3 /* Build configuration list for PBXNativeTarget "DouBan" */ = {
			isa = XCConfigurationList;
			buildConfigurations = (
				97C0133E1B96ECAC000B8CC3 /* Debug */,
				97C0133F1B96ECAC000B8CC3 /* Release */,
			);
			defaultConfigurationIsVisible = 0;
		};
		97C013401B96ECAC000B8CC3 /* Build configuration list for PBXNativeTarget "DouBanTests" */ = {
			isa = XCConfigurationList;
			buildConfigurations = (
				97C013411B96ECAC000B8CC3 /* Debug */,
				97C013421B96ECAC000B8CC3 /* Release */,
			);
			defaultConfigurationIsVisible = 0;
		};
/* End XCConfigurationList section */
	};
	rootObject = 97C013121B96ECAC000B8CC3 /* Project object */;
}
